
Microsoft Visual Studio Solution File, Format Version 12.00
# Visual Studio Version 16
VisualStudioVersion = 16.0.30907.101
MinimumVisualStudioVersion = 10.0.40219.1
Project("{FAE04EC0-301F-11D3-BF4B-00C04F79EFBC}") = "DockerHubHookHandler", "DockerHubHookHandler\DockerHubHookHandler.csproj", "{BB6E7BE2-B11A-436A-8FA0-D21ACA369AFF}"
EndProject
Global
	GlobalSection(SolutionConfigurationPlatforms) = preSolution
		Debug|Any CPU = Debug|Any CPU
		Release|Any CPU = Release|Any CPU
	EndGlobalSection
	GlobalSection(ProjectConfigurationPlatforms) = postSolution
		{BB6E7BE2-B11A-436A-8FA0-D21ACA369AFF}.Debug|Any CPU.ActiveCfg = Debug|Any CPU
		{BB6E7BE2-B11A-436A-8FA0-D21ACA369AFF}.Debug|Any CPU.Build.0 = Debug|Any CPU
		{BB6E7BE2-B11A-436A-8FA0-D21ACA369AFF}.Release|Any CPU.ActiveCfg = Release|Any CPU
		{BB6E7BE2-B11A-436A-8FA0-D21ACA369AFF}.Release|Any CPU.Build.0 = Release|Any CPU
	EndGlobalSection
	GlobalSection(SolutionProperties) = preSolution
		HideSolutionNode = FALSE
	EndGlobalSection
	GlobalSection(ExtensibilityGlobals) = postSolution
		SolutionGuid = {5659DA0B-56DB-49CB-BF27-5035C851A74C}
	EndGlobalSection
EndGlobal
